
Microsoft Visual Studio Solution File, Format Version 12.00
# Visual Studio Version 17
VisualStudioVersion = 17.3.32825.248
MinimumVisualStudioVersion = 10.0.40219.1
Project("{FAE04EC0-301F-11D3-BF4B-00C04F79EFBC}") = "Water_Management_Assignment", "Water_Management_Assignment\Water_Management_Assignment.csproj", "{F0A148F6-3D6B-4B63-85C0-85A4F56E32F7}"
EndProject
Project("{FAE04EC0-301F-11D3-BF4B-00C04F79EFBC}") = "WaterManagementTests", "WaterManagementTests\WaterManagementTests.csproj", "{22C85F2B-0FB1-452B-9742-A3556516D6D0}"
EndProject
Global
	GlobalSection(SolutionConfigurationPlatforms) = preSolution
		Debug|Any CPU = Debug|Any CPU
		Release|Any CPU = Release|Any CPU
	EndGlobalSection
	GlobalSection(ProjectConfigurationPlatforms) = postSolution
		{F0A148F6-3D6B-4B63-85C0-85A4F56E32F7}.Debug|Any CPU.ActiveCfg = Debug|Any CPU
		{F0A148F6-3D6B-4B63-85C0-85A4F56E32F7}.Debug|Any CPU.Build.0 = Debug|Any CPU
		{F0A148F6-3D6B-4B63-85C0-85A4F56E32F7}.Release|Any CPU.ActiveCfg = Release|Any CPU
		{F0A148F6-3D6B-4B63-85C0-85A4F56E32F7}.Release|Any CPU.Build.0 = Release|Any CPU
		{22C85F2B-0FB1-452B-9742-A3556516D6D0}.Debug|Any CPU.ActiveCfg = Debug|Any CPU
		{22C85F2B-0FB1-452B-9742-A3556516D6D0}.Debug|Any CPU.Build.0 = Debug|Any CPU
		{22C85F2B-0FB1-452B-9742-A3556516D6D0}.Release|Any CPU.ActiveCfg = Release|Any CPU
		{22C85F2B-0FB1-452B-9742-A3556516D6D0}.Release|Any CPU.Build.0 = Release|Any CPU
	EndGlobalSection
	GlobalSection(SolutionProperties) = preSolution
		HideSolutionNode = FALSE
	EndGlobalSection
	GlobalSection(ExtensibilityGlobals) = postSolution
		SolutionGuid = {985391DC-3329-4B16-9E13-8792F3D89440}
	EndGlobalSection
EndGlobal
